
Microsoft Visual Studio Solution File, Format Version 12.00
# Visual Studio 2012
Project("{FAE04EC0-301F-11D3-BF4B-00C04F79EFBC}") = "Enumerations", "Enumerations\Enumerations.csproj", "{354B708B-F37E-48B0-9218-8083C8B3F123}"
EndProject
Project("{FAE04EC0-301F-11D3-BF4B-00C04F79EFBC}") = "ConsoleApplication1", "ConsoleApplication1\ConsoleApplication1.csproj", "{8E997C53-11AD-4652-ACA1-1F4A3713C185}"
EndProject
Project("{FAE04EC0-301F-11D3-BF4B-00C04F79EFBC}") = "Casting", "Casting\Casting.csproj", "{0E319BD6-5C31-496E-931D-FFFBE428771E}"
EndProject
Global
	GlobalSection(SolutionConfigurationPlatforms) = preSolution
		Debug|Any CPU = Debug|Any CPU
		Release|Any CPU = Release|Any CPU
	EndGlobalSection
	GlobalSection(ProjectConfigurationPlatforms) = postSolution
		{354B708B-F37E-48B0-9218-8083C8B3F123}.Debug|Any CPU.ActiveCfg = Debug|Any CPU
		{354B708B-F37E-48B0-9218-8083C8B3F123}.Debug|Any CPU.Build.0 = Debug|Any CPU
		{354B708B-F37E-48B0-9218-8083C8B3F123}.Release|Any CPU.ActiveCfg = Release|Any CPU
		{354B708B-F37E-48B0-9218-8083C8B3F123}.Release|Any CPU.Build.0 = Release|Any CPU
		{8E997C53-11AD-4652-ACA1-1F4A3713C185}.Debug|Any CPU.ActiveCfg = Debug|Any CPU
		{8E997C53-11AD-4652-ACA1-1F4A3713C185}.Debug|Any CPU.Build.0 = Debug|Any CPU
		{8E997C53-11AD-4652-ACA1-1F4A3713C185}.Release|Any CPU.ActiveCfg = Release|Any CPU
		{8E997C53-11AD-4652-ACA1-1F4A3713C185}.Release|Any CPU.Build.0 = Release|Any CPU
		{0E319BD6-5C31-496E-931D-FFFBE428771E}.Debug|Any CPU.ActiveCfg = Debug|Any CPU
		{0E319BD6-5C31-496E-931D-FFFBE428771E}.Debug|Any CPU.Build.0 = Debug|Any CPU
		{0E319BD6-5C31-496E-931D-FFFBE428771E}.Release|Any CPU.ActiveCfg = Release|Any CPU
		{0E319BD6-5C31-496E-931D-FFFBE428771E}.Release|Any CPU.Build.0 = Release|Any CPU
	EndGlobalSection
	GlobalSection(SolutionProperties) = preSolution
		HideSolutionNode = FALSE
	EndGlobalSection
EndGlobal
